
Microsoft Visual Studio Solution File, Format Version 12.00
# Visual Studio Version 17
VisualStudioVersion = 17.0.31903.59
MinimumVisualStudioVersion = 10.0.40219.1
Project("{FAE04EC0-301F-11D3-BF4B-00C04F79EFBC}") = "SiteCrawler", "SiteCrawler.csproj", "{D81DD7D9-220D-4E58-8C2A-8D62C83DA071}"
EndProject
Global
	GlobalSection(SolutionConfigurationPlatforms) = preSolution
		Debug|Any CPU = Debug|Any CPU
		Release|Any CPU = Release|Any CPU
	EndGlobalSection
	GlobalSection(ProjectConfigurationPlatforms) = postSolution
		{D81DD7D9-220D-4E58-8C2A-8D62C83DA071}.Debug|Any CPU.ActiveCfg = Debug|Any CPU
		{D81DD7D9-220D-4E58-8C2A-8D62C83DA071}.Debug|Any CPU.Build.0 = Debug|Any CPU
		{D81DD7D9-220D-4E58-8C2A-8D62C83DA071}.Release|Any CPU.ActiveCfg = Release|Any CPU
		{D81DD7D9-220D-4E58-8C2A-8D62C83DA071}.Release|Any CPU.Build.0 = Release|Any CPU
	EndGlobalSection
	GlobalSection(SolutionProperties) = preSolution
		HideSolutionNode = FALSE
	EndGlobalSection
	GlobalSection(ExtensibilityGlobals) = postSolution
		SolutionGuid = {F2F65706-7F5C-44F3-9D43-E8992B3B19CB}
	EndGlobalSection
EndGlobal
